<?xml version="1.0" encoding="utf-8"?>
<Project ToolsVersion="4.0" xmlns="http://schemas.microsoft.com/developer/msbuild/2003">
  <ItemGroup>
    <ClCompile Include="source\api_playback.cpp" />
    <ClCompile Include="source\main.cpp">
      <Filter>application</Filter>
    </ClCompile>
    <ClCompile Include="source\main_d3d9.cpp">
      <Filter>application</Filter>
    </ClCompile>
    <ClCompile Include="source\main_d3d11.cpp">
      <Filter>application</Filter>
    </ClCompile>
    <ClCompile Include="source\main_d3d12.cpp">
      <Filter>application</Filter>
    </ClCompile>
    <ClCompile Include="source\main_opengl.cpp">
      <Filter>application</Filter>
    </ClCompile>
  </ItemGroup>
  <ItemGroup>
    <Filter Include="application">
      <UniqueIdentifier>{732700f8-018f-45b0-944d-b38859f280fd}</UniqueIdentifier>
    </Filter>
  </ItemGroup>
  <ItemGroup>
    <ClInclude Include="source\main.hpp">
      <Filter>application</Filter>
    </ClInclude>
  </ItemGroup>
</Project>